// !$*UTF8*$!
{
	archiveVersion = 1;
	classes = {
	};
	objectVersion = 46;
	objects = {

/* Begin PBXBuildFile section */
		D63658922BAA8C1BE9295224 /* libPods.a in Frameworks */ = {isa = PBXBuildFile; fileRef = E02BA6543E57CC7BDDB8CBCE /* libPods.a */; };
		E4A05B481C5566CD00A38DC2 /* main.m in Sources */ = {isa = PBXBuildFile; fileRef = E4A05B471C5566CD00A38DC2 /* main.m */; };
		E4A05B4B1C5566CD00A38DC2 /* AppDelegate.m in Sources */ = {isa = PBXBuildFile; fileRef = E4A05B4A1C5566CD00A38DC2 /* AppDelegate.m */; };
		E4A05B4E1C5566CD00A38DC2 /* ViewController.m in Sources */ = {isa = PBXBuildFile; fileRef = E4A05B4D1C5566CD00A38DC2 /* ViewController.m */; };
		E4A05B511C5566CD00A38DC2 /* Main.storyboard in Resources */ = {isa = PBXBuildFile; fileRef = E4A05B4F1C5566CD00A38DC2 /* Main.storyboard */; };
		E4A05B531C5566CD00A38DC2 /* Assets.xcassets in Resources */ = {isa = PBXBuildFile; fileRef = E4A05B521C5566CD00A38DC2 /* Assets.xcassets */; };
		E4A05B561C5566CD00A38DC2 /* LaunchScreen.storyboard in Resources */ = {isa = PBXBuildFile; fileRef = E4A05B541C5566CD00A38DC2 /* LaunchScreen.storyboard */; };
		E4A05B6D1C55677C00A38DC2 /* libAWSAutoScaling.a in Frameworks */ = {isa = PBXBuildFile; fileRef = E4A05B5D1C55677C00A38DC2 /* libAWSAutoScaling.a */; };
		E4A05B6E1C55677C00A38DC2 /* libAWSCloudWatch.a in Frameworks */ = {isa = PBXBuildFile; fileRef = E4A05B5E1C55677C00A38DC2 /* libAWSCloudWatch.a */; };
		E4A05B6F1C55677C00A38DC2 /* libAWSCognito.a in Frameworks */ = {isa = PBXBuildFile; fileRef = E4A05B5F1C55677C00A38DC2 /* libAWSCognito.a */; };
		E4A05B701C55677C00A38DC2 /* libAWSCore.a in Frameworks */ = {isa = PBXBuildFile; fileRef = E4A05B601C55677C00A38DC2 /* libAWSCore.a */; };
		E4A05B711C55677C00A38DC2 /* libAWSDynamoDB.a in Frameworks */ = {isa = PBXBuildFile; fileRef = E4A05B611C55677C00A38DC2 /* libAWSDynamoDB.a */; };
		E4A05B721C55677C00A38DC2 /* libAWSEC2.a in Frameworks */ = {isa = PBXBuildFile; fileRef = E4A05B621C55677C00A38DC2 /* libAWSEC2.a */; };
		E4A05B731C55677C00A38DC2 /* libAWSElasticLoadBalancing.a in Frameworks */ = {isa = PBXBuildFile; fileRef = E4A05B631C55677C00A38DC2 /* libAWSElasticLoadBalancing.a */; };
		E4A05B741C55677C00A38DC2 /* libAWSKinesis.a in Frameworks */ = {isa = PBXBuildFile; fileRef = E4A05B641C55677C00A38DC2 /* libAWSKinesis.a */; };
		E4A05B751C55677C00A38DC2 /* libAWSLambda.a in Frameworks */ = {isa = PBXBuildFile; fileRef = E4A05B651C55677C00A38DC2 /* libAWSLambda.a */; };
		E4A05B761C55677C00A38DC2 /* libAWSMachineLearning.a in Frameworks */ = {isa = PBXBuildFile; fileRef = E4A05B661C55677C00A38DC2 /* libAWSMachineLearning.a */; };
		E4A05B771C55677C00A38DC2 /* libAWSMobileAnalytics.a in Frameworks */ = {isa = PBXBuildFile; fileRef = E4A05B671C55677C00A38DC2 /* libAWSMobileAnalytics.a */; };
		E4A05B781C55677C00A38DC2 /* libAWSS3.a in Frameworks */ = {isa = PBXBuildFile; fileRef = E4A05B681C55677C00A38DC2 /* libAWSS3.a */; };
		E4A05B791C55677C00A38DC2 /* libAWSSES.a in Frameworks */ = {isa = PBXBuildFile; fileRef = E4A05B691C55677C00A38DC2 /* libAWSSES.a */; };
		E4A05B7A1C55677C00A38DC2 /* libAWSSimpleDB.a in Frameworks */ = {isa = PBXBuildFile; fileRef = E4A05B6A1C55677C00A38DC2 /* libAWSSimpleDB.a */; };
		E4A05B7B1C55677C00A38DC2 /* libAWSSNS.a in Frameworks */ = {isa = PBXBuildFile; fileRef = E4A05B6B1C55677C00A38DC2 /* libAWSSNS.a */; };
		E4A05B7C1C55677C00A38DC2 /* libAWSSQS.a in Frameworks */ = {isa = PBXBuildFile; fileRef = E4A05B6C1C55677C00A38DC2 /* libAWSSQS.a */; };
		E4CE7C031C55BC6400504CB1 /* SimpleDBWrapper.m in Sources */ = {isa = PBXBuildFile; fileRef = E4CE7C021C55BC6400504CB1 /* SimpleDBWrapper.m */; };
		E4CE7C061C55EBB500504CB1 /* CourseObject.m in Sources */ = {isa = PBXBuildFile; fileRef = E4CE7C051C55EBB500504CB1 /* CourseObject.m */; };
		E4CE7C0C1C56A31E00504CB1 /* CourseCell.m in Sources */ = {isa = PBXBuildFile; fileRef = E4CE7C0B1C56A31E00504CB1 /* CourseCell.m */; };
/* End PBXBuildFile section */

/* Begin PBXFileReference section */
		AB5B5A7EFAAF42EE6A967388 /* Pods.debug.xcconfig */ = {isa = PBXFileReference; includeInIndex = 1; lastKnownFileType = text.xcconfig; name = Pods.debug.xcconfig; path = "Pods/Target Support Files/Pods/Pods.debug.xcconfig"; sourceTree = "<group>"; };
		E02BA6543E57CC7BDDB8CBCE /* libPods.a */ = {isa = PBXFileReference; explicitFileType = archive.ar; includeInIndex = 0; path = libPods.a; sourceTree = BUILT_PRODUCTS_DIR; };
		E4A05B431C5566CD00A38DC2 /* MohitGarg.app */ = {isa = PBXFileReference; explicitFileType = wrapper.application; includeInIndex = 0; path = MohitGarg.app; sourceTree = BUILT_PRODUCTS_DIR; };
		E4A05B471C5566CD00A38DC2 /* main.m */ = {isa = PBXFileReference; lastKnownFileType = sourcecode.c.objc; path = main.m; sourceTree = "<group>"; };
		E4A05B491C5566CD00A38DC2 /* AppDelegate.h */ = {isa = PBXFileReference; lastKnownFileType = sourcecode.c.h; path = AppDelegate.h; sourceTree = "<group>"; };
		E4A05B4A1C5566CD00A38DC2 /* AppDelegate.m */ = {isa = PBXFileReference; lastKnownFileType = sourcecode.c.objc; path = AppDelegate.m; sourceTree = "<group>"; };
		E4A05B4C1C5566CD00A38DC2 /* ViewController.h */ = {isa = PBXFileReference; lastKnownFileType = sourcecode.c.h; path = ViewController.h; sourceTree = "<group>"; };
		E4A05B4D1C5566CD00A38DC2 /* ViewController.m */ = {isa = PBXFileReference; lastKnownFileType = sourcecode.c.objc; path = ViewController.m; sourceTree = "<group>"; };
		E4A05B501C5566CD00A38DC2 /* Base */ = {isa = PBXFileReference; lastKnownFileType = file.storyboard; name = Base; path = Base.lproj/Main.storyboard; sourceTree = "<group>"; };
		E4A05B521C5566CD00A38DC2 /* Assets.xcassets */ = {isa = PBXFileReference; lastKnownFileType = folder.assetcatalog; path = Assets.xcassets; sourceTree = "<group>"; };
		E4A05B551C5566CD00A38DC2 /* Base */ = {isa = PBXFileReference; lastKnownFileType = file.storyboard; name = Base; path = Base.lproj/LaunchScreen.storyboard; sourceTree = "<group>"; };
		E4A05B571C5566CD00A38DC2 /* Info.plist */ = {isa = PBXFileReference; lastKnownFileType = text.plist.xml; path = Info.plist; sourceTree = "<group>"; };
		E4A05B5D1C55677C00A38DC2 /* libAWSAutoScaling.a */ = {isa = PBXFileReference; lastKnownFileType = archive.ar; name = libAWSAutoScaling.a; path = "Pods/../build/Debug-iphoneos/libAWSAutoScaling.a"; sourceTree = "<group>"; };
		E4A05B5E1C55677C00A38DC2 /* libAWSCloudWatch.a */ = {isa = PBXFileReference; lastKnownFileType = archive.ar; name = libAWSCloudWatch.a; path = "Pods/../build/Debug-iphoneos/libAWSCloudWatch.a"; sourceTree = "<group>"; };
		E4A05B5F1C55677C00A38DC2 /* libAWSCognito.a */ = {isa = PBXFileReference; lastKnownFileType = archive.ar; name = libAWSCognito.a; path = "Pods/../build/Debug-iphoneos/libAWSCognito.a"; sourceTree = "<group>"; };
		E4A05B601C55677C00A38DC2 /* libAWSCore.a */ = {isa = PBXFileReference; lastKnownFileType = archive.ar; name = libAWSCore.a; path = "Pods/../build/Debug-iphoneos/libAWSCore.a"; sourceTree = "<group>"; };
		E4A05B611C55677C00A38DC2 /* libAWSDynamoDB.a */ = {isa = PBXFileReference; lastKnownFileType = archive.ar; name = libAWSDynamoDB.a; path = "Pods/../build/Debug-iphoneos/libAWSDynamoDB.a"; sourceTree = "<group>"; };
		E4A05B621C55677C00A38DC2 /* libAWSEC2.a */ = {isa = PBXFileReference; lastKnownFileType = archive.ar; name = libAWSEC2.a; path = "Pods/../build/Debug-iphoneos/libAWSEC2.a"; sourceTree = "<group>"; };
		E4A05B631C55677C00A38DC2 /* libAWSElasticLoadBalancing.a */ = {isa = PBXFileReference; lastKnownFileType = archive.ar; name = libAWSElasticLoadBalancing.a; path = "Pods/../build/Debug-iphoneos/libAWSElasticLoadBalancing.a"; sourceTree = "<group>"; };
		E4A05B641C55677C00A38DC2 /* libAWSKinesis.a */ = {isa = PBXFileReference; lastKnownFileType = archive.ar; name = libAWSKinesis.a; path = "Pods/../build/Debug-iphoneos/libAWSKinesis.a"; sourceTree = "<group>"; };
		E4A05B651C55677C00A38DC2 /* libAWSLambda.a */ = {isa = PBXFileReference; lastKnownFileType = archive.ar; name = libAWSLambda.a; path = "Pods/../build/Debug-iphoneos/libAWSLambda.a"; sourceTree = "<group>"; };
		E4A05B661C55677C00A38DC2 /* libAWSMachineLearning.a */ = {isa = PBXFileReference; lastKnownFileType = archive.ar; name = libAWSMachineLearning.a; path = "Pods/../build/Debug-iphoneos/libAWSMachineLearning.a"; sourceTree = "<group>"; };
		E4A05B671C55677C00A38DC2 /* libAWSMobileAnalytics.a */ = {isa = PBXFileReference; lastKnownFileType = archive.ar; name = libAWSMobileAnalytics.a; path = "Pods/../build/Debug-iphoneos/libAWSMobileAnalytics.a"; sourceTree = "<group>"; };
		E4A05B681C55677C00A38DC2 /* libAWSS3.a */ = {isa = PBXFileReference; lastKnownFileType = archive.ar; name = libAWSS3.a; path = "Pods/../build/Debug-iphoneos/libAWSS3.a"; sourceTree = "<group>"; };
		E4A05B691C55677C00A38DC2 /* libAWSSES.a */ = {isa = PBXFileReference; lastKnownFileType = archive.ar; name = libAWSSES.a; path = "Pods/../build/Debug-iphoneos/libAWSSES.a"; sourceTree = "<group>"; };
		E4A05B6A1C55677C00A38DC2 /* libAWSSimpleDB.a */ = {isa = PBXFileReference; lastKnownFileType = archive.ar; name = libAWSSimpleDB.a; path = "Pods/../build/Debug-iphoneos/libAWSSimpleDB.a"; sourceTree = "<group>"; };
		E4A05B6B1C55677C00A38DC2 /* libAWSSNS.a */ = {isa = PBXFileReference; lastKnownFileType = archive.ar; name = libAWSSNS.a; path = "Pods/../build/Debug-iphoneos/libAWSSNS.a"; sourceTree = "<group>"; };
		E4A05B6C1C55677C00A38DC2 /* libAWSSQS.a */ = {isa = PBXFileReference; lastKnownFileType = archive.ar; name = libAWSSQS.a; path = "Pods/../build/Debug-iphoneos/libAWSSQS.a"; sourceTree = "<group>"; };
		E4CE7C011C55BC6400504CB1 /* SimpleDBWrapper.h */ = {isa = PBXFileReference; fileEncoding = 4; lastKnownFileType = sourcecode.c.h; path = SimpleDBWrapper.h; sourceTree = "<group>"; };
		E4CE7C021C55BC6400504CB1 /* SimpleDBWrapper.m */ = {isa = PBXFileReference; fileEncoding = 4; lastKnownFileType = sourcecode.c.objc; path = SimpleDBWrapper.m; sourceTree = "<group>"; };
		E4CE7C041C55EBB500504CB1 /* CourseObject.h */ = {isa = PBXFileReference; fileEncoding = 4; lastKnownFileType = sourcecode.c.h; path = CourseObject.h; sourceTree = "<group>"; };
		E4CE7C051C55EBB500504CB1 /* CourseObject.m */ = {isa = PBXFileReference; fileEncoding = 4; lastKnownFileType = sourcecode.c.objc; path = CourseObject.m; sourceTree = "<group>"; };
		E4CE7C0A1C56A31E00504CB1 /* CourseCell.h */ = {isa = PBXFileReference; fileEncoding = 4; lastKnownFileType = sourcecode.c.h; path = CourseCell.h; sourceTree = "<group>"; };
		E4CE7C0B1C56A31E00504CB1 /* CourseCell.m */ = {isa = PBXFileReference; fileEncoding = 4; lastKnownFileType = sourcecode.c.objc; path = CourseCell.m; sourceTree = "<group>"; };
		FBBE28F9BD1A487252FF905F /* Pods.release.xcconfig */ = {isa = PBXFileReference; includeInIndex = 1; lastKnownFileType = text.xcconfig; name = Pods.release.xcconfig; path = "Pods/Target Support Files/Pods/Pods.release.xcconfig"; sourceTree = "<group>"; };
/* End PBXFileReference section */

/* Begin PBXFrameworksBuildPhase section */
		E4A05B401C5566CD00A38DC2 /* Frameworks */ = {
			isa = PBXFrameworksBuildPhase;
			buildActionMask = 2147483647;
			files = (
				E4A05B6D1C55677C00A38DC2 /* libAWSAutoScaling.a in Frameworks */,
				E4A05B6E1C55677C00A38DC2 /* libAWSCloudWatch.a in Frameworks */,
				E4A05B6F1C55677C00A38DC2 /* libAWSCognito.a in Frameworks */,
				E4A05B701C55677C00A38DC2 /* libAWSCore.a in Frameworks */,
				E4A05B711C55677C00A38DC2 /* libAWSDynamoDB.a in Frameworks */,
				E4A05B721C55677C00A38DC2 /* libAWSEC2.a in Frameworks */,
				E4A05B731C55677C00A38DC2 /* libAWSElasticLoadBalancing.a in Frameworks */,
				E4A05B741C55677C00A38DC2 /* libAWSKinesis.a in Frameworks */,
				E4A05B751C55677C00A38DC2 /* libAWSLambda.a in Frameworks */,
				E4A05B761C55677C00A38DC2 /* libAWSMachineLearning.a in Frameworks */,
				E4A05B771C55677C00A38DC2 /* libAWSMobileAnalytics.a in Frameworks */,
				E4A05B781C55677C00A38DC2 /* libAWSS3.a in Frameworks */,
				E4A05B791C55677C00A38DC2 /* libAWSSES.a in Frameworks */,
				E4A05B7A1C55677C00A38DC2 /* libAWSSimpleDB.a in Frameworks */,
				E4A05B7B1C55677C00A38DC2 /* libAWSSNS.a in Frameworks */,
				E4A05B7C1C55677C00A38DC2 /* libAWSSQS.a in Frameworks */,
				D63658922BAA8C1BE9295224 /* libPods.a in Frameworks */,
			);
			runOnlyForDeploymentPostprocessing = 0;
		};
/* End PBXFrameworksBuildPhase section */

/* Begin PBXGroup section */
		3E336663669AA8C77574BBD7 /* Frameworks */ = {
			isa = PBXGroup;
			children = (
				E4A05B5D1C55677C00A38DC2 /* libAWSAutoScaling.a */,
				E4A05B5E1C55677C00A38DC2 /* libAWSCloudWatch.a */,
				E4A05B5F1C55677C00A38DC2 /* libAWSCognito.a */,
				E4A05B601C55677C00A38DC2 /* libAWSCore.a */,
				E4A05B611C55677C00A38DC2 /* libAWSDynamoDB.a */,
				E4A05B621C55677C00A38DC2 /* libAWSEC2.a */,
				E4A05B631C55677C00A38DC2 /* libAWSElasticLoadBalancing.a */,
				E4A05B641C55677C00A38DC2 /* libAWSKinesis.a */,
				E4A05B651C55677C00A38DC2 /* libAWSLambda.a */,
				E4A05B661C55677C00A38DC2 /* libAWSMachineLearning.a */,
				E4A05B671C55677C00A38DC2 /* libAWSMobileAnalytics.a */,
				E4A05B681C55677C00A38DC2 /* libAWSS3.a */,
				E4A05B691C55677C00A38DC2 /* libAWSSES.a */,
				E4A05B6A1C55677C00A38DC2 /* libAWSSimpleDB.a */,
				E4A05B6B1C55677C00A38DC2 /* libAWSSNS.a */,
				E4A05B6C1C55677C00A38DC2 /* libAWSSQS.a */,
				E02BA6543E57CC7BDDB8CBCE /* libPods.a */,
			);
			name = Frameworks;
			sourceTree = "<group>";
		};
		8FCED3BDFF92128AC7648F3A /* Pods */ = {
			isa = PBXGroup;
			children = (
				AB5B5A7EFAAF42EE6A967388 /* Pods.debug.xcconfig */,
				FBBE28F9BD1A487252FF905F /* Pods.release.xcconfig */,
			);
			name = Pods;
			sourceTree = "<group>";
		};
		E4A05B3A1C5566CD00A38DC2 = {
			isa = PBXGroup;
			children = (
				E4A05B451C5566CD00A38DC2 /* MohitGarg */,
				E4A05B441C5566CD00A38DC2 /* Products */,
				8FCED3BDFF92128AC7648F3A /* Pods */,
				3E336663669AA8C77574BBD7 /* Frameworks */,
			);
			sourceTree = "<group>";
		};
		E4A05B441C5566CD00A38DC2 /* Products */ = {
			isa = PBXGroup;
			children = (
				E4A05B431C5566CD00A38DC2 /* MohitGarg.app */,
			);
			name = Products;
			sourceTree = "<group>";
		};
		E4A05B451C5566CD00A38DC2 /* MohitGarg */ = {
			isa = PBXGroup;
			children = (
				E4A05B491C5566CD00A38DC2 /* AppDelegate.h */,
				E4A05B4A1C5566CD00A38DC2 /* AppDelegate.m */,
				E4A05B4C1C5566CD00A38DC2 /* ViewController.h */,
				E4A05B4D1C5566CD00A38DC2 /* ViewController.m */,
				E4CE7C011C55BC6400504CB1 /* SimpleDBWrapper.h */,
				E4CE7C021C55BC6400504CB1 /* SimpleDBWrapper.m */,
				E4A05B4F1C5566CD00A38DC2 /* Main.storyboard */,
				E4CE7C0A1C56A31E00504CB1 /* CourseCell.h */,
				E4CE7C0B1C56A31E00504CB1 /* CourseCell.m */,
				E4CE7C041C55EBB500504CB1 /* CourseObject.h */,
				E4CE7C051C55EBB500504CB1 /* CourseObject.m */,
				E4A05B521C5566CD00A38DC2 /* Assets.xcassets */,
				E4A05B541C5566CD00A38DC2 /* LaunchScreen.storyboard */,
				E4A05B571C5566CD00A38DC2 /* Info.plist */,
				E4A05B461C5566CD00A38DC2 /* Supporting Files */,
			);
			path = MohitGarg;
			sourceTree = "<group>";
		};
		E4A05B461C5566CD00A38DC2 /* Supporting Files */ = {
			isa = PBXGroup;
			children = (
				E4A05B471C5566CD00A38DC2 /* main.m */,
			);
			name = "Supporting Files";
			sourceTree = "<group>";
		};
/* End PBXGroup section */

/* Begin PBXNativeTarget section */
		E4A05B421C5566CD00A38DC2 /* MohitGarg */ = {
			isa = PBXNativeTarget;
			buildConfigurationList = E4A05B5A1C5566CD00A38DC2 /* Build configuration list for PBXNativeTarget "MohitGarg" */;
			buildPhases = (
				73633B0CB1C319133B8C6045 /* Check Pods Manifest.lock */,
				E4A05B3F1C5566CD00A38DC2 /* Sources */,
				E4A05B401C5566CD00A38DC2 /* Frameworks */,
				E4A05B411C5566CD00A38DC2 /* Resources */,
				DF9D85E483FED68D5F27B95E /* Embed Pods Frameworks */,
				09C82E318EEA1FB84EA57DAF /* Copy Pods Resources */,
			);
			buildRules = (
			);
			dependencies = (
			);
			name = MohitGarg;
			productName = MohitGarg;
			productReference = E4A05B431C5566CD00A38DC2 /* MohitGarg.app */;
			productType = "com.apple.product-type.application";
		};
/* End PBXNativeTarget section */

/* Begin PBXProject section */
		E4A05B3B1C5566CD00A38DC2 /* Project object */ = {
			isa = PBXProject;
			attributes = {
				LastUpgradeCheck = 0720;
				ORGANIZATIONNAME = "Virginia Tech";
				TargetAttributes = {
					E4A05B421C5566CD00A38DC2 = {
						CreatedOnToolsVersion = 7.2;
					};
				};
			};
			buildConfigurationList = E4A05B3E1C5566CD00A38DC2 /* Build configuration list for PBXProject "MohitGarg" */;
			compatibilityVersion = "Xcode 3.2";
			developmentRegion = English;
			hasScannedForEncodings = 0;
			knownRegions = (
				en,
				Base,
			);
			mainGroup = E4A05B3A1C5566CD00A38DC2;
			productRefGroup = E4A05B441C5566CD00A38DC2 /* Products */;
			projectDirPath = "";
			projectRoot = "";
			targets = (
				E4A05B421C5566CD00A38DC2 /* MohitGarg */,
			);
		};
/* End PBXProject section */

/* Begin PBXResourcesBuildPhase section */
		E4A05B411C5566CD00A38DC2 /* Resources */ = {
			isa = PBXResourcesBuildPhase;
			buildActionMask = 2147483647;
			files = (
				E4A05B561C5566CD00A38DC2 /* LaunchScreen.storyboard in Resources */,
				E4A05B531C5566CD00A38DC2 /* Assets.xcassets in Resources */,
				E4A05B511C5566CD00A38DC2 /* Main.storyboard in Resources */,
			);
			runOnlyForDeploymentPostprocessing = 0;
		};
/* End PBXResourcesBuildPhase section */

/* Begin PBXShellScriptBuildPhase section */
		09C82E318EEA1FB84EA57DAF /* Copy Pods Resources */ = {
			isa = PBXShellScriptBuildPhase;
			buildActionMask = 2147483647;
			files = (
			);
			inputPaths = (
			);
			name = "Copy Pods Resources";
			outputPaths = (
			);
			runOnlyForDeploymentPostprocessing = 0;
			shellPath = /bin/sh;
			shellScript = "\"${SRCROOT}/Pods/Target Support Files/Pods/Pods-resources.sh\"\n";
			showEnvVarsInLog = 0;
		};
		73633B0CB1C319133B8C6045 /* Check Pods Manifest.lock */ = {
			isa = PBXShellScriptBuildPhase;
			buildActionMask = 2147483647;
			files = (
			);
			inputPaths = (
			);
			name = "Check Pods Manifest.lock";
			outputPaths = (
			);
			runOnlyForDeploymentPostprocessing = 0;
			shellPath = /bin/sh;
			shellScript = "diff \"${PODS_ROOT}/../Podfile.lock\" \"${PODS_ROOT}/Manifest.lock\" > /dev/null\nif [[ $? != 0 ]] ; then\n    cat << EOM\nerror: The sandbox is not in sync with the Podfile.lock. Run 'pod install' or update your CocoaPods installation.\nEOM\n    exit 1\nfi\n";
			showEnvVarsInLog = 0;
		};
		DF9D85E483FED68D5F27B95E /* Embed Pods Frameworks */ = {
			isa = PBXShellScriptBuildPhase;
			buildActionMask = 2147483647;
			files = (
			);
			inputPaths = (
			);
			name = "Embed Pods Frameworks";
			outputPaths = (
			);
			runOnlyForDeploymentPostprocessing = 0;
			shellPath = /bin/sh;
			shellScript = "\"${SRCROOT}/Pods/Target Support Files/Pods/Pods-frameworks.sh\"\n";
			showEnvVarsInLog = 0;
		};
/* End PBXShellScriptBuildPhase section */

/* Begin PBXSourcesBuildPhase section */
		E4A05B3F1C5566CD00A38DC2 /* Sources */ = {
			isa = PBXSourcesBuildPhase;
			buildActionMask = 2147483647;
			files = (
				E4CE7C061C55EBB500504CB1 /* CourseObject.m in Sources */,
				E4A05B4E1C5566CD00A38DC2 /* ViewController.m in Sources */,
				E4CE7C0C1C56A31E00504CB1 /* CourseCell.m in Sources */,
				E4CE7C031C55BC6400504CB1 /* SimpleDBWrapper.m in Sources */,
				E4A05B4B1C5566CD00A38DC2 /* AppDelegate.m in Sources */,
				E4A05B481C5566CD00A38DC2 /* main.m in Sources */,
			);
			runOnlyForDeploymentPostprocessing = 0;
		};
/* End PBXSourcesBuildPhase section */

/* Begin PBXVariantGroup section */
		E4A05B4F1C5566CD00A38DC2 /* Main.storyboard */ = {
			isa = PBXVariantGroup;
			children = (
				E4A05B501C5566CD00A38DC2 /* Base */,
			);
			name = Main.storyboard;
			sourceTree = "<group>";
		};
		E4A05B541C5566CD00A38DC2 /* LaunchScreen.storyboard */ = {
			isa = PBXVariantGroup;
			children = (
				E4A05B551C5566CD00A38DC2 /* Base */,
			);
			name = LaunchScreen.storyboard;
			sourceTree = "<group>";
		};
/* End PBXVariantGroup section */

/* Begin XCBuildConfiguration section */
		E4A05B581C5566CD00A38DC2 /* Debug */ = {
			isa = XCBuildConfiguration;
			buildSettings = {
				ALWAYS_SEARCH_USER_PATHS = NO;
				CLANG_CXX_LANGUAGE_STANDARD = "gnu++0x";
				CLANG_CXX_LIBRARY = "libc++";
				CLANG_ENABLE_MODULES = YES;
				CLANG_ENABLE_OBJC_ARC = YES;
				CLANG_WARN_BOOL_CONVERSION = YES;
				CLANG_WARN_CONSTANT_CONVERSION = YES;
				CLANG_WARN_DIRECT_OBJC_ISA_USAGE = YES_ERROR;
				CLANG_WARN_EMPTY_BODY = YES;
				CLANG_WARN_ENUM_CONVERSION = YES;
				CLANG_WARN_INT_CONVERSION = YES;
				CLANG_WARN_OBJC_ROOT_CLASS = YES_ERROR;
				CLANG_WARN_UNREACHABLE_CODE = YES;
				CLANG_WARN__DUPLICATE_METHOD_MATCH = YES;
				"CODE_SIGN_IDENTITY[sdk=iphoneos*]" = "iPhone Developer";
				COPY_PHASE_STRIP = NO;
				DEBUG_INFORMATION_FORMAT = dwarf;
				ENABLE_STRICT_OBJC_MSGSEND = YES;
				ENABLE_TESTABILITY = YES;
				GCC_C_LANGUAGE_STANDARD = gnu99;
				GCC_DYNAMIC_NO_PIC = NO;
				GCC_NO_COMMON_BLOCKS = YES;
				GCC_OPTIMIZATION_LEVEL = 0;
				GCC_PREPROCESSOR_DEFINITIONS = (
					"DEBUG=1",
					"$(inherited)",
				);
				GCC_WARN_64_TO_32_BIT_CONVERSION = YES;
				GCC_WARN_ABOUT_RETURN_TYPE = YES_ERROR;
				GCC_WARN_UNDECLARED_SELECTOR = YES;
				GCC_WARN_UNINITIALIZED_AUTOS = YES_AGGRESSIVE;
				GCC_WARN_UNUSED_FUNCTION = YES;
				GCC_WARN_UNUSED_VARIABLE = YES;
				IPHONEOS_DEPLOYMENT_TARGET = 9.2;
				MTL_ENABLE_DEBUG_INFO = YES;
				ONLY_ACTIVE_ARCH = YES;
				SDKROOT = iphoneos;
				TARGETED_DEVICE_FAMILY = "1,2";
			};
			name = Debug;
		};
		E4A05B591C5566CD00A38DC2 /* Release */ = {
			isa = XCBuildConfiguration;
			buildSettings = {
				ALWAYS_SEARCH_USER_PATHS = NO;
				CLANG_CXX_LANGUAGE_STANDARD = "gnu++0x";
				CLANG_CXX_LIBRARY = "libc++";
				CLANG_ENABLE_MODULES = YES;
				CLANG_ENABLE_OBJC_ARC = YES;
				CLANG_WARN_BOOL_CONVERSION = YES;
				CLANG_WARN_CONSTANT_CONVERSION = YES;
				CLANG_WARN_DIRECT_OBJC_ISA_USAGE = YES_ERROR;
				CLANG_WARN_EMPTY_BODY = YES;
				CLANG_WARN_ENUM_CONVERSION = YES;
				CLANG_WARN_INT_CONVERSION = YES;
				CLANG_WARN_OBJC_ROOT_CLASS = YES_ERROR;
				CLANG_WARN_UNREACHABLE_CODE = YES;
				CLANG_WARN__DUPLICATE_METHOD_MATCH = YES;
				"CODE_SIGN_IDENTITY[sdk=iphoneos*]" = "iPhone Developer";
				COPY_PHASE_STRIP = NO;
				DEBUG_INFORMATION_FORMAT = "dwarf-with-dsym";
				ENABLE_NS_ASSERTIONS = NO;
				ENABLE_STRICT_OBJC_MSGSEND = YES;
				GCC_C_LANGUAGE_STANDARD = gnu99;
				GCC_NO_COMMON_BLOCKS = YES;
				GCC_WARN_64_TO_32_BIT_CONVERSION = YES;
				GCC_WARN_ABOUT_RETURN_TYPE = YES_ERROR;
				GCC_WARN_UNDECLARED_SELECTOR = YES;
				GCC_WARN_UNINITIALIZED_AUTOS = YES_AGGRESSIVE;
				GCC_WARN_UNUSED_FUNCTION = YES;
				GCC_WARN_UNUSED_VARIABLE = YES;
				IPHONEOS_DEPLOYMENT_TARGET = 9.2;
				MTL_ENABLE_DEBUG_INFO = NO;
				SDKROOT = iphoneos;
				TARGETED_DEVICE_FAMILY = "1,2";
				VALIDATE_PRODUCT = YES;
			};
			name = Release;
		};
		E4A05B5B1C5566CD00A38DC2 /* Debug */ = {
			isa = XCBuildConfiguration;
			baseConfigurationReference = AB5B5A7EFAAF42EE6A967388 /* Pods.debug.xcconfig */;
			buildSettings = {
				ASSETCATALOG_COMPILER_APPICON_NAME = AppIcon;
				INFOPLIST_FILE = MohitGarg/Info.plist;
				LD_RUNPATH_SEARCH_PATHS = "$(inherited) @executable_path/Frameworks";
				LIBRARY_SEARCH_PATHS = (
					"$(inherited)",
					"$(PROJECT_DIR)/build/Debug-iphoneos",
				);
				PRODUCT_BUNDLE_IDENTIFIER = vt.MohitGarg;
				PRODUCT_NAME = "$(TARGET_NAME)";
				TARGETED_DEVICE_FAMILY = 1;
			};
			name = Debug;
		};
		E4A05B5C1C5566CD00A38DC2 /* Release */ = {
			isa = XCBuildConfiguration;
			baseConfigurationReference = FBBE28F9BD1A487252FF905F /* Pods.release.xcconfig */;
			buildSettings = {
				ASSETCATALOG_COMPILER_APPICON_NAME = AppIcon;
				INFOPLIST_FILE = MohitGarg/Info.plist;
				LD_RUNPATH_SEARCH_PATHS = "$(inherited) @executable_path/Frameworks";
				LIBRARY_SEARCH_PATHS = (
					"$(inherited)",
					"$(PROJECT_DIR)/build/Debug-iphoneos",
				);
				PRODUCT_BUNDLE_IDENTIFIER = vt.MohitGarg;
				PRODUCT_NAME = "$(TARGET_NAME)";
				TARGETED_DEVICE_FAMILY = 1;
			};
			name = Release;
		};
/* End XCBuildConfiguration section */

/* Begin XCConfigurationList section */
		E4A05B3E1C5566CD00A38DC2 /* Build configuration list for PBXProject "MohitGarg" */ = {
			isa = XCConfigurationList;
			buildConfigurations = (
				E4A05B581C5566CD00A38DC2 /* Debug */,
				E4A05B591C5566CD00A38DC2 /* Release */,
			);
			defaultConfigurationIsVisible = 0;
			defaultConfigurationName = Release;
		};
		E4A05B5A1C5566CD00A38DC2 /* Build configuration list for PBXNativeTarget "MohitGarg" */ = {
			isa = XCConfigurationList;
			buildConfigurations = (
				E4A05B5B1C5566CD00A38DC2 /* Debug */,
				E4A05B5C1C5566CD00A38DC2 /* Release */,
			);
			defaultConfigurationIsVisible = 0;
			defaultConfigurationName = Release;
		};
/* End XCConfigurationList section */
	};
	rootObject = E4A05B3B1C5566CD00A38DC2 /* Project object */;
}
